
Microsoft Visual Studio Solution File, Format Version 12.00
# Visual Studio 2012
Project("{FAE04EC0-301F-11D3-BF4B-00C04F79EFBC}") = "CustomVideoPlayer", "CustomVideoPlayer\CustomVideoPlayer.csproj", "{3D01C005-2B2F-4924-A6B0-2E865E52D75E}"
EndProject
Global
	GlobalSection(SolutionConfigurationPlatforms) = preSolution
		Debug|Any CPU = Debug|Any CPU
		Release|Any CPU = Release|Any CPU
	EndGlobalSection
	GlobalSection(ProjectConfigurationPlatforms) = postSolution
		{3D01C005-2B2F-4924-A6B0-2E865E52D75E}.Debug|Any CPU.ActiveCfg = Debug|Any CPU
		{3D01C005-2B2F-4924-A6B0-2E865E52D75E}.Debug|Any CPU.Build.0 = Debug|Any CPU
		{3D01C005-2B2F-4924-A6B0-2E865E52D75E}.Release|Any CPU.ActiveCfg = Release|Any CPU
		{3D01C005-2B2F-4924-A6B0-2E865E52D75E}.Release|Any CPU.Build.0 = Release|Any CPU
	EndGlobalSection
EndGlobal
